
Microsoft Visual Studio Solution File, Format Version 12.00
# Visual Studio Version 16
VisualStudioVersion = 25.0.1703.4
MinimumVisualStudioVersion = 10.0.40219.1
Project("{FAE04EC0-301F-11D3-BF4B-00C04F79EFBC}") = "Week5LogicalOperators", "Week5LogicalOperators.csproj", "{729C0605-54DD-4D50-B260-2FE69ABCA774}"
EndProject
Project("{FAE04EC0-301F-11D3-BF4B-00C04F79EFBC}") = "ANDOperator", "..\ANDOperator\ANDOperator.csproj", "{C4647000-51A7-42D0-93E2-6794D4A6A009}"
EndProject
Project("{FAE04EC0-301F-11D3-BF4B-00C04F79EFBC}") = "OROperator", "..\OROperator\OROperator.csproj", "{E878F1BD-CE7A-4F24-B6CF-85E1B8AFFC00}"
EndProject
Project("{FAE04EC0-301F-11D3-BF4B-00C04F79EFBC}") = "ANDRanges", "..\ANDRanges\ANDRanges.csproj", "{0A715D19-8FAA-4C82-AF16-B40095B89713}"
EndProject
Global
	GlobalSection(SolutionConfigurationPlatforms) = preSolution
		Debug|Any CPU = Debug|Any CPU
		Release|Any CPU = Release|Any CPU
	EndGlobalSection
	GlobalSection(ProjectConfigurationPlatforms) = postSolution
		{729C0605-54DD-4D50-B260-2FE69ABCA774}.Debug|Any CPU.ActiveCfg = Debug|Any CPU
		{729C0605-54DD-4D50-B260-2FE69ABCA774}.Debug|Any CPU.Build.0 = Debug|Any CPU
		{729C0605-54DD-4D50-B260-2FE69ABCA774}.Release|Any CPU.ActiveCfg = Release|Any CPU
		{729C0605-54DD-4D50-B260-2FE69ABCA774}.Release|Any CPU.Build.0 = Release|Any CPU
		{C4647000-51A7-42D0-93E2-6794D4A6A009}.Debug|Any CPU.ActiveCfg = Debug|Any CPU
		{C4647000-51A7-42D0-93E2-6794D4A6A009}.Debug|Any CPU.Build.0 = Debug|Any CPU
		{C4647000-51A7-42D0-93E2-6794D4A6A009}.Release|Any CPU.ActiveCfg = Release|Any CPU
		{C4647000-51A7-42D0-93E2-6794D4A6A009}.Release|Any CPU.Build.0 = Release|Any CPU
		{E878F1BD-CE7A-4F24-B6CF-85E1B8AFFC00}.Debug|Any CPU.ActiveCfg = Debug|Any CPU
		{E878F1BD-CE7A-4F24-B6CF-85E1B8AFFC00}.Debug|Any CPU.Build.0 = Debug|Any CPU
		{E878F1BD-CE7A-4F24-B6CF-85E1B8AFFC00}.Release|Any CPU.ActiveCfg = Release|Any CPU
		{E878F1BD-CE7A-4F24-B6CF-85E1B8AFFC00}.Release|Any CPU.Build.0 = Release|Any CPU
		{0A715D19-8FAA-4C82-AF16-B40095B89713}.Debug|Any CPU.ActiveCfg = Debug|Any CPU
		{0A715D19-8FAA-4C82-AF16-B40095B89713}.Debug|Any CPU.Build.0 = Debug|Any CPU
		{0A715D19-8FAA-4C82-AF16-B40095B89713}.Release|Any CPU.ActiveCfg = Release|Any CPU
		{0A715D19-8FAA-4C82-AF16-B40095B89713}.Release|Any CPU.Build.0 = Release|Any CPU
	EndGlobalSection
	GlobalSection(SolutionProperties) = preSolution
		HideSolutionNode = FALSE
	EndGlobalSection
	GlobalSection(ExtensibilityGlobals) = postSolution
		SolutionGuid = {164FC398-39F2-4870-B1C5-FBE4CF4E59D5}
	EndGlobalSection
EndGlobal
